
Microsoft Visual Studio Solution File, Format Version 12.00
# Visual Studio Version 17
VisualStudioVersion = 17.13.35931.197 d17.13
MinimumVisualStudioVersion = 10.0.40219.1
Project("{FAE04EC0-301F-11D3-BF4B-00C04F79EFBC}") = "Seleccion de Planes de tigo", "Seleccion de Planes de tigo.csproj", "{F084C343-F47E-4450-A985-3AF003709F70}"
EndProject
Global
	GlobalSection(SolutionConfigurationPlatforms) = preSolution
		Debug|Any CPU = Debug|Any CPU
		Release|Any CPU = Release|Any CPU
	EndGlobalSection
	GlobalSection(ProjectConfigurationPlatforms) = postSolution
		{F084C343-F47E-4450-A985-3AF003709F70}.Debug|Any CPU.ActiveCfg = Debug|Any CPU
		{F084C343-F47E-4450-A985-3AF003709F70}.Debug|Any CPU.Build.0 = Debug|Any CPU
		{F084C343-F47E-4450-A985-3AF003709F70}.Release|Any CPU.ActiveCfg = Release|Any CPU
		{F084C343-F47E-4450-A985-3AF003709F70}.Release|Any CPU.Build.0 = Release|Any CPU
	EndGlobalSection
	GlobalSection(SolutionProperties) = preSolution
		HideSolutionNode = FALSE
	EndGlobalSection
	GlobalSection(ExtensibilityGlobals) = postSolution
		SolutionGuid = {0606D353-6424-43E7-A12B-4B05CCBCF422}
	EndGlobalSection
EndGlobal
